
Microsoft Visual Studio Solution File, Format Version 12.00
# Visual Studio 2012
Project("{FAE04EC0-301F-11D3-BF4B-00C04F79EFBC}") = "ExtractTest", "ExtractTest\ExtractTest.csproj", "{6801D9D3-3AF7-4590-89D9-99A0BD40EB74}"
EndProject
Project("{FAE04EC0-301F-11D3-BF4B-00C04F79EFBC}") = "NReadability", "NReadability\NReadability.csproj", "{B6912C2D-FE2A-4AFA-8F55-686B60FDE8E2}"
EndProject
Project("{FAE04EC0-301F-11D3-BF4B-00C04F79EFBC}") = "SgmlReaderDll", "..\SgmlReader 1.8.7\sgmlreaderdll\SgmlReaderDll.csproj", "{142DF105-DF78-4E3B-A2E3-310F54C220A3}"
EndProject
Global
	GlobalSection(SolutionConfigurationPlatforms) = preSolution
		Debug|Any CPU = Debug|Any CPU
		Release|Any CPU = Release|Any CPU
	EndGlobalSection
	GlobalSection(ProjectConfigurationPlatforms) = postSolution
		{6801D9D3-3AF7-4590-89D9-99A0BD40EB74}.Debug|Any CPU.ActiveCfg = Debug|Any CPU
		{6801D9D3-3AF7-4590-89D9-99A0BD40EB74}.Debug|Any CPU.Build.0 = Debug|Any CPU
		{6801D9D3-3AF7-4590-89D9-99A0BD40EB74}.Debug|Any CPU.Deploy.0 = Debug|Any CPU
		{6801D9D3-3AF7-4590-89D9-99A0BD40EB74}.Release|Any CPU.ActiveCfg = Release|Any CPU
		{6801D9D3-3AF7-4590-89D9-99A0BD40EB74}.Release|Any CPU.Build.0 = Release|Any CPU
		{6801D9D3-3AF7-4590-89D9-99A0BD40EB74}.Release|Any CPU.Deploy.0 = Release|Any CPU
		{B6912C2D-FE2A-4AFA-8F55-686B60FDE8E2}.Debug|Any CPU.ActiveCfg = Debug|Any CPU
		{B6912C2D-FE2A-4AFA-8F55-686B60FDE8E2}.Debug|Any CPU.Build.0 = Debug|Any CPU
		{B6912C2D-FE2A-4AFA-8F55-686B60FDE8E2}.Release|Any CPU.ActiveCfg = Release|Any CPU
		{B6912C2D-FE2A-4AFA-8F55-686B60FDE8E2}.Release|Any CPU.Build.0 = Release|Any CPU
		{142DF105-DF78-4E3B-A2E3-310F54C220A3}.Debug|Any CPU.ActiveCfg = Debug|Any CPU
		{142DF105-DF78-4E3B-A2E3-310F54C220A3}.Debug|Any CPU.Build.0 = Debug|Any CPU
		{142DF105-DF78-4E3B-A2E3-310F54C220A3}.Release|Any CPU.ActiveCfg = Release|Any CPU
		{142DF105-DF78-4E3B-A2E3-310F54C220A3}.Release|Any CPU.Build.0 = Release|Any CPU
	EndGlobalSection
	GlobalSection(SolutionProperties) = preSolution
		HideSolutionNode = FALSE
	EndGlobalSection
EndGlobal
